
Microsoft Visual Studio Solution File, Format Version 12.00
# Visual Studio Version 17
VisualStudioVersion = 17.7.34009.444
MinimumVisualStudioVersion = 10.0.40219.1
Project("{FAE04EC0-301F-11D3-BF4B-00C04F79EFBC}") = "PortalGSI", "PortalGSI\PortalGSI.csproj", "{A2E89CE6-D406-4486-B4CD-B32F261A547E}"
EndProject
Global
	GlobalSection(SolutionConfigurationPlatforms) = preSolution
		Debug|Any CPU = Debug|Any CPU
		Release|Any CPU = Release|Any CPU
	EndGlobalSection
	GlobalSection(ProjectConfigurationPlatforms) = postSolution
		{A2E89CE6-D406-4486-B4CD-B32F261A547E}.Debug|Any CPU.ActiveCfg = Debug|Any CPU
		{A2E89CE6-D406-4486-B4CD-B32F261A547E}.Debug|Any CPU.Build.0 = Debug|Any CPU
		{A2E89CE6-D406-4486-B4CD-B32F261A547E}.Release|Any CPU.ActiveCfg = Release|Any CPU
		{A2E89CE6-D406-4486-B4CD-B32F261A547E}.Release|Any CPU.Build.0 = Release|Any CPU
	EndGlobalSection
	GlobalSection(SolutionProperties) = preSolution
		HideSolutionNode = FALSE
	EndGlobalSection
	GlobalSection(ExtensibilityGlobals) = postSolution
		SolutionGuid = {1322BE38-8CAD-4B61-9415-008BA53B59D0}
	EndGlobalSection
EndGlobal
